# This file is automatically @generated by Cargo.
# It is not intended for manual editing.
version = 4

[[package]]
name = "vyges-drc"
version = "0.1.2"
dependencies = [
 "vyges-layout",
]

[[package]]
name = "vyges-layout"
version = "0.0.1"
source = "git+https://github.com/vyges-tools/layout?branch=main#43243cf7ce50f17814631502ab04d781b999049f"
